# This file is automatically @generated by Poetry 1.4.0 and should not be changed by hand.

[[package]]
name = "asgiref"
version = "3.8.1"
description = "ASGI specs, helper code, and adapters"
category = "main"
optional = false
python-versions = ">=3.8"
files = [
    {file = "asgiref-3.8.1-py3-none-any.whl", hash = "sha256:3e1e3ecc849832fe52ccf2cb6686b7a55f82bb1d6aee72a58826471390335e47"},
    {file = "asgiref-3.8.1.tar.gz", hash = "sha256:c343bd80a0bec947a9860adb4c432ffa7db769836c64238fc34bdc3fec84d590"},
]

[package.extras]
tests = ["mypy (>=0.800)", "pytest", "pytest-asyncio"]

[[package]]
name = "async-timeout"
version = "5.0.1"
description = "Timeout context manager for asyncio programs"
category = "main"
optional = false
python-versions = ">=3.8"
files = [
    {file = "async_timeout-5.0.1-py3-none-any.whl", hash = "sha256:39e3809566ff85354557ec2398b55e096c8364bacac9405a7a1fa429e77fe76c"},
    {file = "async_timeout-5.0.1.tar.gz", hash = "sha256:d9321a7a3d5a6a5e187e824d2fa0793ce379a202935782d555d6e9d2735677d3"},
]

[[package]]
name = "colorama"
version = "0.4.6"
description = "Cross-platform colored terminal text."
category = "main"
optional = false
python-versions = "!=3.0.*,!=3.1.*,!=3.2.*,!=3.3.*,!=3.4.*,!=3.5.*,!=3.6.*,>=2.7"
files = [
    {file = "colorama-0.4.6-py2.py3-none-any.whl", hash = "sha256:4f1d9991f5acc0ca119f9d443620b77f9d6b33703e51011c16baf57afb285fc6"},
    {file = "colorama-0.4.6.tar.gz", hash = "sha256:08695f5cb7ed6e0531a20572697297273c47b8cae5a63ffc6d6ed5c201be6e44"},
]

[[package]]
name = "django"
version = "4.0"
description = "A high-level Python web framework that encourages rapid development and clean, pragmatic design."
category = "main"
optional = false
python-versions = ">=3.8"
files = [
    {file = "Django-4.0-py3-none-any.whl", hash = "sha256:59304646ebc6a77b9b6a59adc67d51ecb03c5e3d63ed1f14c909cdfda84e8010"},
    {file = "Django-4.0.tar.gz", hash = "sha256:d5a8a14da819a8b9237ee4d8c78dfe056ff6e8a7511987be627192225113ee75"},
]

[package.dependencies]
asgiref = ">=3.4.1,<4"
sqlparse = ">=0.2.2"
tzdata = {version = "*", markers = "sys_platform == \"win32\""}

[package.extras]
argon2 = ["argon2-cffi (>=19.1.0)"]
bcrypt = ["bcrypt"]

[[package]]
name = "django-redis"
version = "5.4.0"
description = "Full featured redis cache backend for Django."
category = "main"
optional = false
python-versions = ">=3.6"
files = [
    {file = "django-redis-5.4.0.tar.gz", hash = "sha256:6a02abaa34b0fea8bf9b707d2c363ab6adc7409950b2db93602e6cb292818c42"},
    {file = "django_redis-5.4.0-py3-none-any.whl", hash = "sha256:ebc88df7da810732e2af9987f7f426c96204bf89319df4c6da6ca9a2942edd5b"},
]

[package.dependencies]
Django = ">=3.2"
redis = ">=3,<4.0.0 || >4.0.0,<4.0.1 || >4.0.1"

[package.extras]
hiredis = ["redis[hiredis] (>=3,!=4.0.0,!=4.0.1)"]

[[package]]
name = "iniconfig"
version = "2.0.0"
description = "brain-dead simple config-ini parsing"
category = "main"
optional = false
python-versions = ">=3.7"
files = [
    {file = "iniconfig-2.0.0-py3-none-any.whl", hash = "sha256:b6a85871a79d2e3b22d2d1b94ac2824226a63c6b741c88f7ae975f18b6778374"},
    {file = "iniconfig-2.0.0.tar.gz", hash = "sha256:2d91e135bf72d31a410b17c16da610a82cb55f6b0477d1a902134b24a455b8b3"},
]

[[package]]
name = "mysqlclient"
version = "2.2.6"
description = "Python interface to MySQL"
category = "main"
optional = false
python-versions = ">=3.8"
files = [
    {file = "mysqlclient-2.2.6-cp310-cp310-win_amd64.whl", hash = "sha256:e94a92858203d97fd584bdb6d7ee8c56f2590db8d77fd44215c0dcf5e739bc37"},
    {file = "mysqlclient-2.2.6-cp311-cp311-win_amd64.whl", hash = "sha256:43c5b30be0675080b9c815f457d73397f0442173e7be83d089b126835e2617ae"},
    {file = "mysqlclient-2.2.6-cp312-cp312-win_amd64.whl", hash = "sha256:e940b41d85dfd7b190fa47d52f525f878cfa203d4653bf6a35b271b3c3be125b"},
    {file = "mysqlclient-2.2.6-cp313-cp313-win_amd64.whl", hash = "sha256:794857bce4f9a1903a99786dd29ad7887f45a870b3d11585b8c51c4a753c4174"},
    {file = "mysqlclient-2.2.6-cp39-cp39-win_amd64.whl", hash = "sha256:b0a5cddf1d3488b254605041070086cac743401d876a659a72d706a0d89c8ebb"},
    {file = "mysqlclient-2.2.6-pp310-pypy310_pp73-win_amd64.whl", hash = "sha256:f3efb849d6f7ef4b9788a0eda2e896b975e0ebf1d6bf3dcabea63fd698e5b0b5"},
    {file = "mysqlclient-2.2.6-pp39-pypy39_pp73-win_amd64.whl", hash = "sha256:3da70a07753ba6be881f7d75e795e254f6a0c12795778034acc69769b0649d37"},
    {file = "mysqlclient-2.2.6.tar.gz", hash = "sha256:c0b46d9b78b461dbb62482089ca8040fa916595b1b30f831ebbd1b0a82b43d53"},
]

[[package]]
name = "packaging"
version = "24.2"
description = "Core utilities for Python packages"
category = "main"
optional = false
python-versions = ">=3.8"
files = [
    {file = "packaging-24.2-py3-none-any.whl", hash = "sha256:09abb1bccd265c01f4a3aa3f7a7db064b36514d2cba19a2f694fe6150451a759"},
    {file = "packaging-24.2.tar.gz", hash = "sha256:c228a6dc5e932d346bc5739379109d49e8853dd8223571c7c5b55260edc0b97f"},
]

[[package]]
name = "pip"
version = "24.3.1"
description = "The PyPA recommended tool for installing Python packages."
category = "main"
optional = false
python-versions = ">=3.8"
files = [
    {file = "pip-24.3.1-py3-none-any.whl", hash = "sha256:3790624780082365f47549d032f3770eeb2b1e8bd1f7b2e02dace1afa361b4ed"},
    {file = "pip-24.3.1.tar.gz", hash = "sha256:ebcb60557f2aefabc2e0f918751cd24ea0d56d8ec5445fe1807f1d2109660b99"},
]

[[package]]
name = "pip-prometheus"
version = "1.2.1"
description = "Exports Pip packages versions for Prometheus.io."
category = "main"
optional = false
python-versions = "*"
files = [
    {file = "pip-prometheus-1.2.1.tar.gz", hash = "sha256:155e547b0fdfebe3a28d4db75380b5cef2c8089da66d56cdcd84be867c9bda39"},
    {file = "pip_prometheus-1.2.1-py3-none-any.whl", hash = "sha256:9bc98100415079232f699674a2bed5171bdd979754e8fe32b50142c096f541db"},
]

[package.dependencies]
pip = ">=9.0.0"
prometheus-client = ">=0.7.0"

[[package]]
name = "pluggy"
version = "1.5.0"
description = "plugin and hook calling mechanisms for python"
category = "main"
optional = false
python-versions = ">=3.8"
files = [
    {file = "pluggy-1.5.0-py3-none-any.whl", hash = "sha256:44e1ad92c8ca002de6377e165f3e0f1be63266ab4d554740532335b9d75ea669"},
    {file = "pluggy-1.5.0.tar.gz", hash = "sha256:2cffa88e94fdc978c4c574f15f9e59b7f4201d439195c3715ca9e2486f1d0cf1"},
]

[package.extras]
dev = ["pre-commit", "tox"]
testing = ["pytest", "pytest-benchmark"]

[[package]]
name = "prometheus-client"
version = "0.21.1"
description = "Python client for the Prometheus monitoring system."
category = "main"
optional = false
python-versions = ">=3.8"
files = [
    {file = "prometheus_client-0.21.1-py3-none-any.whl", hash = "sha256:594b45c410d6f4f8888940fe80b5cc2521b305a1fafe1c58609ef715a001f301"},
    {file = "prometheus_client-0.21.1.tar.gz", hash = "sha256:252505a722ac04b0456be05c05f75f45d760c2911ffc45f2a06bcaed9f3ae3fb"},
]

[package.extras]
twisted = ["twisted"]

[[package]]
name = "psycopg2"
version = "2.9.10"
description = "psycopg2 - Python-PostgreSQL Database Adapter"
category = "main"
optional = false
python-versions = ">=3.8"
files = [
    {file = "psycopg2-2.9.10-cp310-cp310-win32.whl", hash = "sha256:5df2b672140f95adb453af93a7d669d7a7bf0a56bcd26f1502329166f4a61716"},
    {file = "psycopg2-2.9.10-cp310-cp310-win_amd64.whl", hash = "sha256:c6f7b8561225f9e711a9c47087388a97fdc948211c10a4bccbf0ba68ab7b3b5a"},
    {file = "psycopg2-2.9.10-cp311-cp311-win32.whl", hash = "sha256:47c4f9875125344f4c2b870e41b6aad585901318068acd01de93f3677a6522c2"},
    {file = "psycopg2-2.9.10-cp311-cp311-win_amd64.whl", hash = "sha256:0435034157049f6846e95103bd8f5a668788dd913a7c30162ca9503fdf542cb4"},
    {file = "psycopg2-2.9.10-cp312-cp312-win32.whl", hash = "sha256:65a63d7ab0e067e2cdb3cf266de39663203d38d6a8ed97f5ca0cb315c73fe067"},
    {file = "psycopg2-2.9.10-cp312-cp312-win_amd64.whl", hash = "sha256:4a579d6243da40a7b3182e0430493dbd55950c493d8c68f4eec0b302f6bbf20e"},
    {file = "psycopg2-2.9.10-cp39-cp39-win32.whl", hash = "sha256:9d5b3b94b79a844a986d029eee38998232451119ad653aea42bb9220a8c5066b"},
    {file = "psycopg2-2.9.10-cp39-cp39-win_amd64.whl", hash = "sha256:88138c8dedcbfa96408023ea2b0c369eda40fe5d75002c0964c78f46f11fa442"},
    {file = "psycopg2-2.9.10.tar.gz", hash = "sha256:12ec0b40b0273f95296233e8750441339298e6a572f7039da5b260e3c8b60e11"},
]

[[package]]
name = "pylibmc"
version = "1.6.3"
description = "Quick and small memcached client for Python"
category = "main"
optional = false
python-versions = ">=3.6"
files = [
    {file = "pylibmc-1.6.3-cp310-cp310-macosx_10_9_x86_64.whl", hash = "sha256:a7baf4b78720f8b72839b3642b374754cb77cf57dab465a70ed1764d943e19d5"},
    {file = "pylibmc-1.6.3-cp310-cp310-macosx_11_0_arm64.whl", hash = "sha256:dd98054a571bd450200a61a12b9ada3424678d17a25456bbf9a6100470401e52"},
    {file = "pylibmc-1.6.3-cp310-cp310-manylinux_2_17_aarch64.manylinux2014_aarch64.whl", hash = "sha256:e847cdc78d82964236599ff5b312bc97fde3d10f4b93c9ee17dc33b7cf3c032a"},
    {file = "pylibmc-1.6.3-cp310-cp310-manylinux_2_17_x86_64.manylinux2014_x86_64.whl", hash = "sha256:4f46b5aa0364bca5e02000f5d62eb408d834a20722ffaf7dae20f75e7d009e6c"},
    {file = "pylibmc-1.6.3-cp311-cp311-macosx_10_9_x86_64.whl", hash = "sha256:3c35816082848723455071670770d89b5a531d40e9063fe4e942ea456f86da49"},
    {file = "pylibmc-1.6.3-cp311-cp311-macosx_11_0_arm64.whl", hash = "sha256:9d2ff6d702eb5ae502e29d97772dc85c749d596c6cb8c82a5d18f175fd4eabcc"},
    {file = "pylibmc-1.6.3-cp311-cp311-manylinux_2_17_aarch64.manylinux2014_aarch64.whl", hash = "sha256:e589b7e70dec4daf0da1216789713c753d85611d70cfcd32574161cc75b1527e"},
    {file = "pylibmc-1.6.3-cp311-cp311-manylinux_2_17_x86_64.manylinux2014_x86_64.whl", hash = "sha256:7b93e381dec1520a3fec922765e04679ac553d2f3fda830a5faa7cdc527280a2"},
    {file = "pylibmc-1.6.3-cp36-cp36m-macosx_10_9_x86_64.whl", hash = "sha256:f2574f390a2ec89b52a84bccca3ae57c21a4bb4d0e72df210d0d66783eee7f98"},
    {file = "pylibmc-1.6.3-cp36-cp36m-manylinux_2_17_aarch64.manylinux2014_aarch64.whl", hash = "sha256:db8c0f0467182a2a3e8d625b5c60c296f971dd2ee179e865b0262bd44528d676"},
    {file = "pylibmc-1.6.3-cp36-cp36m-manylinux_2_17_x86_64.manylinux2014_x86_64.whl", hash = "sha256:b34c1e4021b9a395950be19ea9d98f02bea0e3a88be26dbaa7e8ac4416e1232b"},
    {file = "pylibmc-1.6.3-cp37-cp37m-macosx_10_9_x86_64.whl", hash = "sha256:a6cce1d7705952eb30a3aca9ea3f054040cbee53c668d4e1e29144110da113bc"},
    {file = "pylibmc-1.6.3-cp37-cp37m-manylinux_2_17_aarch64.manylinux2014_aarch64.whl", hash = "sha256:c6c4bdd8790aede67a464a32df842cacb562f77b0415a8c7823421f5c07524c6"},
    {file = "pylibmc-1.6.3-cp37-cp37m-manylinux_2_17_x86_64.manylinux2014_x86_64.whl", hash = "sha256:218125aca214d62e6f69e4f8022bd795fbcb3643ad783f5f5ff33c23a1731c73"},
    {file = "pylibmc-1.6.3-cp38-cp38-macosx_10_9_x86_64.whl", hash = "sha256:f536d73632007358796654ab088d65c55a1a4368a85cfd7c956d2100e2cd8d89"},
    {file = "pylibmc-1.6.3-cp38-cp38-macosx_11_0_arm64.whl", hash = "sha256:f2aeff000de7d918806876dfa4880d21b72089f9809ad0b8e7dff26501367ec6"},
    {file = "pylibmc-1.6.3-cp38-cp38-manylinux_2_17_aarch64.manylinux2014_aarch64.whl", hash = "sha256:e9ef3dc70ee2dfd0981bdf3a383a044bc591de7e445296a64a24f10a560e8b4f"},
    {file = "pylibmc-1.6.3-cp38-cp38-manylinux_2_17_x86_64.manylinux2014_x86_64.whl", hash = "sha256:b649eb7fdd774290b2da73334456eb01e0d66e3d3685acd88ae6bf456a227dc6"},
    {file = "pylibmc-1.6.3-cp39-cp39-macosx_10_9_x86_64.whl", hash = "sha256:5251df82535411d8dc08c01141b8e6e61004f0a3ee50db3aa48ffa00e928cebb"},
    {file = "pylibmc-1.6.3-cp39-cp39-macosx_11_0_arm64.whl", hash = "sha256:cd61f1ff46aa1ca6b0b3dac17a727cd29ac019e85db868c5523c491eef4459d7"},
    {file = "pylibmc-1.6.3-cp39-cp39-manylinux_2_17_aarch64.manylinux2014_aarch64.whl", hash = "sha256:7660c561e5415f4be01ff4791c1b035359c1d76fed012e18eee907c2d3249deb"},
    {file = "pylibmc-1.6.3-cp39-cp39-manylinux_2_17_x86_64.manylinux2014_x86_64.whl", hash = "sha256:9f4516a14b2beff6062d1d240c00098227ca5478c00afba7e8b329415b0d4d67"},
    {file = "pylibmc-1.6.3.tar.gz", hash = "sha256:eefa46115537abad65fbe2e032acd1b3463d9bf9e335af4b0916df4e4d3206e0"},
]

[[package]]
name = "pymemcache"
version = "4.0.0"
description = "A comprehensive, fast, pure Python memcached client"
category = "main"
optional = false
python-versions = ">=3.7"
files = [
    {file = "pymemcache-4.0.0-py2.py3-none-any.whl", hash = "sha256:f507bc20e0dc8d562f8df9d872107a278df049fa496805c1431b926f3ddd0eab"},
    {file = "pymemcache-4.0.0.tar.gz", hash = "sha256:27bf9bd1bbc1e20f83633208620d56de50f14185055e49504f4f5e94e94aff94"},
]

[[package]]
name = "pytest"
version = "7.4.3"
description = "pytest: simple powerful testing with Python"
category = "main"
optional = false
python-versions = ">=3.7"
files = [
    {file = "pytest-7.4.3-py3-none-any.whl", hash = "sha256:0d009c083ea859a71b76adf7c1d502e4bc170b80a8ef002da5806527b9591fac"},
    {file = "pytest-7.4.3.tar.gz", hash = "sha256:d989d136982de4e3b29dabcc838ad581c64e8ed52c11fbe86ddebd9da0818cd5"},
]

[package.dependencies]
colorama = {version = "*", markers = "sys_platform == \"win32\""}
iniconfig = "*"
packaging = "*"
pluggy = ">=0.12,<2.0"

[package.extras]
testing = ["argcomplete", "attrs (>=19.2.0)", "hypothesis (>=3.56)", "mock", "nose", "pygments (>=2.7.2)", "requests", "setuptools", "xmlschema"]

[[package]]
name = "pytest-django"
version = "4.9.0"
description = "A Django plugin for pytest."
category = "main"
optional = false
python-versions = ">=3.8"
files = [
    {file = "pytest_django-4.9.0-py3-none-any.whl", hash = "sha256:1d83692cb39188682dbb419ff0393867e9904094a549a7d38a3154d5731b2b99"},
    {file = "pytest_django-4.9.0.tar.gz", hash = "sha256:8bf7bc358c9ae6f6fc51b6cebb190fe20212196e6807121f11bd6a3b03428314"},
]

[package.dependencies]
pytest = ">=7.0.0"

[package.extras]
docs = ["sphinx", "sphinx-rtd-theme"]
testing = ["Django", "django-configurations (>=2.0)"]

[[package]]
name = "python-memcached"
version = "1.62"
description = "Pure python memcached client"
category = "main"
optional = false
python-versions = "*"
files = [
    {file = "python-memcached-1.62.tar.gz", hash = "sha256:0285470599b7f593fbf3bec084daa1f483221e68c1db2cf1d846a9f7c2655103"},
    {file = "python_memcached-1.62-py2.py3-none-any.whl", hash = "sha256:1bdd8d2393ff53e80cd5e9442d750e658e0b35c3eebb3211af137303e3b729d1"},
]

[[package]]
name = "redis"
version = "5.2.1"
description = "Python client for Redis database and key-value store"
category = "main"
optional = false
python-versions = ">=3.8"
files = [
    {file = "redis-5.2.1-py3-none-any.whl", hash = "sha256:ee7e1056b9aea0f04c6c2ed59452947f34c4940ee025f5dd83e6a6418b6989e4"},
    {file = "redis-5.2.1.tar.gz", hash = "sha256:16f2e22dff21d5125e8481515e386711a34cbec50f0e44413dd7d9c060a54e0f"},
]

[package.dependencies]
async-timeout = {version = ">=4.0.3", markers = "python_full_version < \"3.11.3\""}

[package.extras]
hiredis = ["hiredis (>=3.0.0)"]
ocsp = ["cryptography (>=36.0.1)", "pyopenssl (==23.2.1)", "requests (>=2.31.0)"]

[[package]]
name = "sqlparse"
version = "0.5.3"
description = "A non-validating SQL parser."
category = "main"
optional = false
python-versions = ">=3.8"
files = [
    {file = "sqlparse-0.5.3-py3-none-any.whl", hash = "sha256:cf2196ed3418f3ba5de6af7e82c694a9fbdbfecccdfc72e281548517081f16ca"},
    {file = "sqlparse-0.5.3.tar.gz", hash = "sha256:09f67787f56a0b16ecdbde1bfc7f5d9c3371ca683cfeaa8e6ff60b4807ec9272"},
]

[package.extras]
dev = ["build", "hatch"]
doc = ["sphinx"]

[[package]]
name = "tzdata"
version = "2024.2"
description = "Provider of IANA time zone data"
category = "main"
optional = false
python-versions = ">=2"
files = [
    {file = "tzdata-2024.2-py2.py3-none-any.whl", hash = "sha256:a48093786cdcde33cad18c2555e8532f34422074448fbc874186f0abd79565cd"},
    {file = "tzdata-2024.2.tar.gz", hash = "sha256:7d85cc416e9382e69095b7bdf4afd9e3880418a2413feec7069d533d6b4e31cc"},
]

[metadata]
lock-version = "2.0"
python-versions = "^3.11"
content-hash = "1c6dfba17c9f0d12ad9d4db2c85fae07f0fc8c0a825213581026b47898bb3ef8"
